
Microsoft Visual Studio Solution File, Format Version 12.00
# Visual Studio Version 17
VisualStudioVersion = 17.5.002.0
MinimumVisualStudioVersion = 10.0.40219.1
Project("{9A19103F-16F7-4668-BE54-9A1E7A4F7556}") = "blazorserver2", "blazorserver2.csproj", "{422E6D5B-8A27-480C-AAC8-053CA8A3FDD0}"
EndProject
Global
	GlobalSection(SolutionConfigurationPlatforms) = preSolution
		Debug|Any CPU = Debug|Any CPU
		Release|Any CPU = Release|Any CPU
	EndGlobalSection
	GlobalSection(ProjectConfigurationPlatforms) = postSolution
		{422E6D5B-8A27-480C-AAC8-053CA8A3FDD0}.Debug|Any CPU.ActiveCfg = Debug|Any CPU
		{422E6D5B-8A27-480C-AAC8-053CA8A3FDD0}.Debug|Any CPU.Build.0 = Debug|Any CPU
		{422E6D5B-8A27-480C-AAC8-053CA8A3FDD0}.Release|Any CPU.ActiveCfg = Release|Any CPU
		{422E6D5B-8A27-480C-AAC8-053CA8A3FDD0}.Release|Any CPU.Build.0 = Release|Any CPU
	EndGlobalSection
	GlobalSection(SolutionProperties) = preSolution
		HideSolutionNode = FALSE
	EndGlobalSection
	GlobalSection(ExtensibilityGlobals) = postSolution
		SolutionGuid = {5860A860-55DA-46E0-A039-14F76E89ECE4}
	EndGlobalSection
EndGlobal
